
Microsoft Visual Studio Solution File, Format Version 12.00
# Visual Studio Version 17
VisualStudioVersion = 17.9.34607.119
MinimumVisualStudioVersion = 10.0.40219.1
Project("{F184B08F-C81C-45F6-A57F-5ABD9991F28F}") = "server", "server\server.vbproj", "{EC04BF89-D024-4024-A98D-DB2BE9C72279}"
EndProject
Global
	GlobalSection(SolutionConfigurationPlatforms) = preSolution
		Debug|Any CPU = Debug|Any CPU
		Release|Any CPU = Release|Any CPU
	EndGlobalSection
	GlobalSection(ProjectConfigurationPlatforms) = postSolution
		{EC04BF89-D024-4024-A98D-DB2BE9C72279}.Debug|Any CPU.ActiveCfg = Debug|Any CPU
		{EC04BF89-D024-4024-A98D-DB2BE9C72279}.Debug|Any CPU.Build.0 = Debug|Any CPU
		{EC04BF89-D024-4024-A98D-DB2BE9C72279}.Release|Any CPU.ActiveCfg = Release|Any CPU
		{EC04BF89-D024-4024-A98D-DB2BE9C72279}.Release|Any CPU.Build.0 = Release|Any CPU
	EndGlobalSection
	GlobalSection(SolutionProperties) = preSolution
		HideSolutionNode = FALSE
	EndGlobalSection
	GlobalSection(ExtensibilityGlobals) = postSolution
		SolutionGuid = {0F831837-BCF1-42EF-B464-06212795D1A0}
	EndGlobalSection
EndGlobal
